
Microsoft Visual Studio Solution File, Format Version 12.00
# Visual Studio 14
VisualStudioVersion = 14.0.25123.0
MinimumVisualStudioVersion = 10.0.40219.1
Project("{FAE04EC0-301F-11D3-BF4B-00C04F79EFBC}") = "DeviceIdentity", "DeviceIdentity\DeviceIdentity.csproj", "{1DAD0A34-710B-4B1F-9DB7-7DAA9CD8C3E5}"
EndProject
Project("{FAE04EC0-301F-11D3-BF4B-00C04F79EFBC}") = "DeviceToCloud", "DeviceToCloud\DeviceToCloud.csproj", "{A585E9B9-750A-482A-A7D0-F6323E9E3B07}"
EndProject
Project("{FAE04EC0-301F-11D3-BF4B-00C04F79EFBC}") = "SimulatedDevice", "SimulatedDevice\SimulatedDevice.csproj", "{7E1C4761-4672-4CFF-9539-59412221129D}"
EndProject
Global
	GlobalSection(SolutionConfigurationPlatforms) = preSolution
		Debug|Any CPU = Debug|Any CPU
		Release|Any CPU = Release|Any CPU
	EndGlobalSection
	GlobalSection(ProjectConfigurationPlatforms) = postSolution
		{1DAD0A34-710B-4B1F-9DB7-7DAA9CD8C3E5}.Debug|Any CPU.ActiveCfg = Debug|Any CPU
		{1DAD0A34-710B-4B1F-9DB7-7DAA9CD8C3E5}.Debug|Any CPU.Build.0 = Debug|Any CPU
		{1DAD0A34-710B-4B1F-9DB7-7DAA9CD8C3E5}.Release|Any CPU.ActiveCfg = Release|Any CPU
		{1DAD0A34-710B-4B1F-9DB7-7DAA9CD8C3E5}.Release|Any CPU.Build.0 = Release|Any CPU
		{A585E9B9-750A-482A-A7D0-F6323E9E3B07}.Debug|Any CPU.ActiveCfg = Debug|Any CPU
		{A585E9B9-750A-482A-A7D0-F6323E9E3B07}.Debug|Any CPU.Build.0 = Debug|Any CPU
		{A585E9B9-750A-482A-A7D0-F6323E9E3B07}.Release|Any CPU.ActiveCfg = Release|Any CPU
		{A585E9B9-750A-482A-A7D0-F6323E9E3B07}.Release|Any CPU.Build.0 = Release|Any CPU
		{7E1C4761-4672-4CFF-9539-59412221129D}.Debug|Any CPU.ActiveCfg = Debug|Any CPU
		{7E1C4761-4672-4CFF-9539-59412221129D}.Debug|Any CPU.Build.0 = Debug|Any CPU
		{7E1C4761-4672-4CFF-9539-59412221129D}.Release|Any CPU.ActiveCfg = Release|Any CPU
		{7E1C4761-4672-4CFF-9539-59412221129D}.Release|Any CPU.Build.0 = Release|Any CPU
	EndGlobalSection
	GlobalSection(SolutionProperties) = preSolution
		HideSolutionNode = FALSE
	EndGlobalSection
	GlobalSection(ExtensibilityGlobals) = postSolution
		EnterpriseLibraryConfigurationToolBinariesPathV6 = packages\EnterpriseLibrary.TransientFaultHandling.6.0.1304.0\lib\portable-net45+win+wp8
	EndGlobalSection
EndGlobal
